
Microsoft Visual Studio Solution File, Format Version 12.00
# Visual Studio Version 17
VisualStudioVersion = 17.6.33815.320
MinimumVisualStudioVersion = 10.0.40219.1
Project("{FAE04EC0-301F-11D3-BF4B-00C04F79EFBC}") = "Khaled.Android", "Khaled\Khaled.Android\Khaled.Android.csproj", "{13776057-F9C8-45DC-8584-2906F6CB635B}"
EndProject
Project("{FAE04EC0-301F-11D3-BF4B-00C04F79EFBC}") = "Khaled.iOS", "Khaled\Khaled.iOS\Khaled.iOS.csproj", "{04685364-2E5B-405D-ACF7-08702C56A874}"
EndProject
Project("{9A19103F-16F7-4668-BE54-9A1E7A4F7556}") = "Khaled", "Khaled\Khaled\Khaled.csproj", "{DE83C154-A198-4479-8B77-49510FC1B25E}"
EndProject
Project("{9A19103F-16F7-4668-BE54-9A1E7A4F7556}") = "TodoApp.Data", "Khaled\TodoApp.Data\TodoApp.Data.csproj", "{48A2A45D-A3E3-424F-94C9-B029205A56C2}"
EndProject
Project("{9A19103F-16F7-4668-BE54-9A1E7A4F7556}") = "TodoAppService.NET6", "Khaled\TodoAppService.NET6\TodoAppService.NET6.csproj", "{DF18CDB4-DB3B-4575-88DF-0DBFC061CF73}"
EndProject
Project("{9A19103F-16F7-4668-BE54-9A1E7A4F7556}") = "Gagger", "Khaled\AdminApp\Gagger\Gagger.csproj", "{185DB9A7-9DAD-4650-8038-C71122040B59}"
EndProject
Global
	GlobalSection(SolutionConfigurationPlatforms) = preSolution
		Debug|Any CPU = Debug|Any CPU
		Debug|iPhone = Debug|iPhone
		Debug|iPhoneSimulator = Debug|iPhoneSimulator
		Release|Any CPU = Release|Any CPU
		Release|iPhone = Release|iPhone
		Release|iPhoneSimulator = Release|iPhoneSimulator
	EndGlobalSection
	GlobalSection(ProjectConfigurationPlatforms) = postSolution
		{13776057-F9C8-45DC-8584-2906F6CB635B}.Debug|Any CPU.ActiveCfg = Debug|Any CPU
		{13776057-F9C8-45DC-8584-2906F6CB635B}.Debug|Any CPU.Build.0 = Debug|Any CPU
		{13776057-F9C8-45DC-8584-2906F6CB635B}.Debug|iPhone.ActiveCfg = Debug|Any CPU
		{13776057-F9C8-45DC-8584-2906F6CB635B}.Debug|iPhone.Build.0 = Debug|Any CPU
		{13776057-F9C8-45DC-8584-2906F6CB635B}.Debug|iPhoneSimulator.ActiveCfg = Debug|Any CPU
		{13776057-F9C8-45DC-8584-2906F6CB635B}.Debug|iPhoneSimulator.Build.0 = Debug|Any CPU
		{13776057-F9C8-45DC-8584-2906F6CB635B}.Release|Any CPU.ActiveCfg = Release|Any CPU
		{13776057-F9C8-45DC-8584-2906F6CB635B}.Release|Any CPU.Build.0 = Release|Any CPU
		{13776057-F9C8-45DC-8584-2906F6CB635B}.Release|iPhone.ActiveCfg = Release|Any CPU
		{13776057-F9C8-45DC-8584-2906F6CB635B}.Release|iPhone.Build.0 = Release|Any CPU
		{13776057-F9C8-45DC-8584-2906F6CB635B}.Release|iPhoneSimulator.ActiveCfg = Release|Any CPU
		{13776057-F9C8-45DC-8584-2906F6CB635B}.Release|iPhoneSimulator.Build.0 = Release|Any CPU
		{04685364-2E5B-405D-ACF7-08702C56A874}.Debug|Any CPU.ActiveCfg = Debug|iPhoneSimulator
		{04685364-2E5B-405D-ACF7-08702C56A874}.Debug|Any CPU.Build.0 = Debug|iPhoneSimulator
		{04685364-2E5B-405D-ACF7-08702C56A874}.Debug|iPhone.ActiveCfg = Debug|iPhone
		{04685364-2E5B-405D-ACF7-08702C56A874}.Debug|iPhone.Build.0 = Debug|iPhone
		{04685364-2E5B-405D-ACF7-08702C56A874}.Debug|iPhoneSimulator.ActiveCfg = Debug|iPhoneSimulator
		{04685364-2E5B-405D-ACF7-08702C56A874}.Debug|iPhoneSimulator.Build.0 = Debug|iPhoneSimulator
		{04685364-2E5B-405D-ACF7-08702C56A874}.Release|Any CPU.ActiveCfg = Release|iPhoneSimulator
		{04685364-2E5B-405D-ACF7-08702C56A874}.Release|Any CPU.Build.0 = Release|iPhoneSimulator
		{04685364-2E5B-405D-ACF7-08702C56A874}.Release|iPhone.ActiveCfg = Release|iPhone
		{04685364-2E5B-405D-ACF7-08702C56A874}.Release|iPhone.Build.0 = Release|iPhone
		{04685364-2E5B-405D-ACF7-08702C56A874}.Release|iPhoneSimulator.ActiveCfg = Release|iPhoneSimulator
		{04685364-2E5B-405D-ACF7-08702C56A874}.Release|iPhoneSimulator.Build.0 = Release|iPhoneSimulator
		{DE83C154-A198-4479-8B77-49510FC1B25E}.Debug|Any CPU.ActiveCfg = Debug|Any CPU
		{DE83C154-A198-4479-8B77-49510FC1B25E}.Debug|Any CPU.Build.0 = Debug|Any CPU
		{DE83C154-A198-4479-8B77-49510FC1B25E}.Debug|iPhone.ActiveCfg = Debug|Any CPU
		{DE83C154-A198-4479-8B77-49510FC1B25E}.Debug|iPhone.Build.0 = Debug|Any CPU
		{DE83C154-A198-4479-8B77-49510FC1B25E}.Debug|iPhoneSimulator.ActiveCfg = Debug|Any CPU
		{DE83C154-A198-4479-8B77-49510FC1B25E}.Debug|iPhoneSimulator.Build.0 = Debug|Any CPU
		{DE83C154-A198-4479-8B77-49510FC1B25E}.Release|Any CPU.ActiveCfg = Release|Any CPU
		{DE83C154-A198-4479-8B77-49510FC1B25E}.Release|Any CPU.Build.0 = Release|Any CPU
		{DE83C154-A198-4479-8B77-49510FC1B25E}.Release|iPhone.ActiveCfg = Release|Any CPU
		{DE83C154-A198-4479-8B77-49510FC1B25E}.Release|iPhone.Build.0 = Release|Any CPU
		{DE83C154-A198-4479-8B77-49510FC1B25E}.Release|iPhoneSimulator.ActiveCfg = Release|Any CPU
		{DE83C154-A198-4479-8B77-49510FC1B25E}.Release|iPhoneSimulator.Build.0 = Release|Any CPU
		{48A2A45D-A3E3-424F-94C9-B029205A56C2}.Debug|Any CPU.ActiveCfg = Debug|Any CPU
		{48A2A45D-A3E3-424F-94C9-B029205A56C2}.Debug|Any CPU.Build.0 = Debug|Any CPU
		{48A2A45D-A3E3-424F-94C9-B029205A56C2}.Debug|iPhone.ActiveCfg = Debug|Any CPU
		{48A2A45D-A3E3-424F-94C9-B029205A56C2}.Debug|iPhone.Build.0 = Debug|Any CPU
		{48A2A45D-A3E3-424F-94C9-B029205A56C2}.Debug|iPhoneSimulator.ActiveCfg = Debug|Any CPU
		{48A2A45D-A3E3-424F-94C9-B029205A56C2}.Debug|iPhoneSimulator.Build.0 = Debug|Any CPU
		{48A2A45D-A3E3-424F-94C9-B029205A56C2}.Release|Any CPU.ActiveCfg = Release|Any CPU
		{48A2A45D-A3E3-424F-94C9-B029205A56C2}.Release|Any CPU.Build.0 = Release|Any CPU
		{48A2A45D-A3E3-424F-94C9-B029205A56C2}.Release|iPhone.ActiveCfg = Release|Any CPU
		{48A2A45D-A3E3-424F-94C9-B029205A56C2}.Release|iPhone.Build.0 = Release|Any CPU
		{48A2A45D-A3E3-424F-94C9-B029205A56C2}.Release|iPhoneSimulator.ActiveCfg = Release|Any CPU
		{48A2A45D-A3E3-424F-94C9-B029205A56C2}.Release|iPhoneSimulator.Build.0 = Release|Any CPU
		{DF18CDB4-DB3B-4575-88DF-0DBFC061CF73}.Debug|Any CPU.ActiveCfg = Debug|Any CPU
		{DF18CDB4-DB3B-4575-88DF-0DBFC061CF73}.Debug|Any CPU.Build.0 = Debug|Any CPU
		{DF18CDB4-DB3B-4575-88DF-0DBFC061CF73}.Debug|iPhone.ActiveCfg = Debug|Any CPU
		{DF18CDB4-DB3B-4575-88DF-0DBFC061CF73}.Debug|iPhone.Build.0 = Debug|Any CPU
		{DF18CDB4-DB3B-4575-88DF-0DBFC061CF73}.Debug|iPhoneSimulator.ActiveCfg = Debug|Any CPU
		{DF18CDB4-DB3B-4575-88DF-0DBFC061CF73}.Debug|iPhoneSimulator.Build.0 = Debug|Any CPU
		{DF18CDB4-DB3B-4575-88DF-0DBFC061CF73}.Release|Any CPU.ActiveCfg = Release|Any CPU
		{DF18CDB4-DB3B-4575-88DF-0DBFC061CF73}.Release|Any CPU.Build.0 = Release|Any CPU
		{DF18CDB4-DB3B-4575-88DF-0DBFC061CF73}.Release|iPhone.ActiveCfg = Release|Any CPU
		{DF18CDB4-DB3B-4575-88DF-0DBFC061CF73}.Release|iPhone.Build.0 = Release|Any CPU
		{DF18CDB4-DB3B-4575-88DF-0DBFC061CF73}.Release|iPhoneSimulator.ActiveCfg = Release|Any CPU
		{DF18CDB4-DB3B-4575-88DF-0DBFC061CF73}.Release|iPhoneSimulator.Build.0 = Release|Any CPU
		{185DB9A7-9DAD-4650-8038-C71122040B59}.Debug|Any CPU.ActiveCfg = Debug|Any CPU
		{185DB9A7-9DAD-4650-8038-C71122040B59}.Debug|Any CPU.Build.0 = Debug|Any CPU
		{185DB9A7-9DAD-4650-8038-C71122040B59}.Debug|iPhone.ActiveCfg = Debug|Any CPU
		{185DB9A7-9DAD-4650-8038-C71122040B59}.Debug|iPhone.Build.0 = Debug|Any CPU
		{185DB9A7-9DAD-4650-8038-C71122040B59}.Debug|iPhoneSimulator.ActiveCfg = Debug|Any CPU
		{185DB9A7-9DAD-4650-8038-C71122040B59}.Debug|iPhoneSimulator.Build.0 = Debug|Any CPU
		{185DB9A7-9DAD-4650-8038-C71122040B59}.Release|Any CPU.ActiveCfg = Release|Any CPU
		{185DB9A7-9DAD-4650-8038-C71122040B59}.Release|Any CPU.Build.0 = Release|Any CPU
		{185DB9A7-9DAD-4650-8038-C71122040B59}.Release|iPhone.ActiveCfg = Release|Any CPU
		{185DB9A7-9DAD-4650-8038-C71122040B59}.Release|iPhone.Build.0 = Release|Any CPU
		{185DB9A7-9DAD-4650-8038-C71122040B59}.Release|iPhoneSimulator.ActiveCfg = Release|Any CPU
		{185DB9A7-9DAD-4650-8038-C71122040B59}.Release|iPhoneSimulator.Build.0 = Release|Any CPU
	EndGlobalSection
	GlobalSection(SolutionProperties) = preSolution
		HideSolutionNode = FALSE
	EndGlobalSection
	GlobalSection(ExtensibilityGlobals) = postSolution
		SolutionGuid = {F11F710C-769E-47E7-8856-1183365B30BF}
	EndGlobalSection
EndGlobal
