
Microsoft Visual Studio Solution File, Format Version 12.00
# Visual Studio Version 16
VisualStudioVersion = 25.0.1704.2
MinimumVisualStudioVersion = 10.0.40219.1
Project("{FAE04EC0-301F-11D3-BF4B-00C04F79EFBC}") = "TodoAppService.NET6", "TodoAppService.NET6.csproj", "{431A23FB-2417-45F4-899C-B0E4544C4552}"
EndProject
Global
	GlobalSection(SolutionConfigurationPlatforms) = preSolution
		Debug|Any CPU = Debug|Any CPU
		Release|Any CPU = Release|Any CPU
	EndGlobalSection
	GlobalSection(ProjectConfigurationPlatforms) = postSolution
		{431A23FB-2417-45F4-899C-B0E4544C4552}.Debug|Any CPU.ActiveCfg = Debug|Any CPU
		{431A23FB-2417-45F4-899C-B0E4544C4552}.Debug|Any CPU.Build.0 = Debug|Any CPU
		{431A23FB-2417-45F4-899C-B0E4544C4552}.Release|Any CPU.ActiveCfg = Release|Any CPU
		{431A23FB-2417-45F4-899C-B0E4544C4552}.Release|Any CPU.Build.0 = Release|Any CPU
	EndGlobalSection
	GlobalSection(SolutionProperties) = preSolution
		HideSolutionNode = FALSE
	EndGlobalSection
	GlobalSection(ExtensibilityGlobals) = postSolution
		SolutionGuid = {E4E49B65-3D06-415A-9397-46BCD94A3891}
	EndGlobalSection
EndGlobal
